
Microsoft Visual Studio Solution File, Format Version 12.00
# Visual Studio Version 16
VisualStudioVersion = 25.0.1706.14
MinimumVisualStudioVersion = 10.0.40219.1
Project("{FAE04EC0-301F-11D3-BF4B-00C04F79EFBC}") = "trading-engine", "trading-engine.csproj", "{FD9D605F-71CC-49E2-9D3C-6BADFE05E37F}"
EndProject
Project("{FAE04EC0-301F-11D3-BF4B-00C04F79EFBC}") = "LoggingCS", "..\logging-cs\LoggingCS\LoggingCS.csproj", "{8DE9CD97-B604-42A7-A9EF-F469919378F5}"
EndProject
Project("{FAE04EC0-301F-11D3-BF4B-00C04F79EFBC}") = "InstrumentCS", "InstrumentCS\InstrumentCS.csproj", "{B23D9292-E178-4EB3-8196-E909DD66A2EE}"
EndProject
Project("{FAE04EC0-301F-11D3-BF4B-00C04F79EFBC}") = "OrdersCS", "OrdersCS\OrdersCS.csproj", "{91D13E33-16C4-4563-B4F6-5CB0F67B4975}"
EndProject
Project("{FAE04EC0-301F-11D3-BF4B-00C04F79EFBC}") = "OrderbookCS", "OrderbookCS\OrderbookCS.csproj", "{5EB7C777-F646-473A-B9ED-5472ACDAB110}"
EndProject
Global
	GlobalSection(SolutionConfigurationPlatforms) = preSolution
		Debug|Any CPU = Debug|Any CPU
		Release|Any CPU = Release|Any CPU
	EndGlobalSection
	GlobalSection(ProjectConfigurationPlatforms) = postSolution
		{FD9D605F-71CC-49E2-9D3C-6BADFE05E37F}.Debug|Any CPU.ActiveCfg = Debug|Any CPU
		{FD9D605F-71CC-49E2-9D3C-6BADFE05E37F}.Debug|Any CPU.Build.0 = Debug|Any CPU
		{FD9D605F-71CC-49E2-9D3C-6BADFE05E37F}.Release|Any CPU.ActiveCfg = Release|Any CPU
		{FD9D605F-71CC-49E2-9D3C-6BADFE05E37F}.Release|Any CPU.Build.0 = Release|Any CPU
		{8DE9CD97-B604-42A7-A9EF-F469919378F5}.Debug|Any CPU.ActiveCfg = Debug|Any CPU
		{8DE9CD97-B604-42A7-A9EF-F469919378F5}.Debug|Any CPU.Build.0 = Debug|Any CPU
		{8DE9CD97-B604-42A7-A9EF-F469919378F5}.Release|Any CPU.ActiveCfg = Release|Any CPU
		{8DE9CD97-B604-42A7-A9EF-F469919378F5}.Release|Any CPU.Build.0 = Release|Any CPU
		{B23D9292-E178-4EB3-8196-E909DD66A2EE}.Debug|Any CPU.ActiveCfg = Debug|Any CPU
		{B23D9292-E178-4EB3-8196-E909DD66A2EE}.Debug|Any CPU.Build.0 = Debug|Any CPU
		{B23D9292-E178-4EB3-8196-E909DD66A2EE}.Release|Any CPU.ActiveCfg = Release|Any CPU
		{B23D9292-E178-4EB3-8196-E909DD66A2EE}.Release|Any CPU.Build.0 = Release|Any CPU
		{91D13E33-16C4-4563-B4F6-5CB0F67B4975}.Debug|Any CPU.ActiveCfg = Debug|Any CPU
		{91D13E33-16C4-4563-B4F6-5CB0F67B4975}.Debug|Any CPU.Build.0 = Debug|Any CPU
		{91D13E33-16C4-4563-B4F6-5CB0F67B4975}.Release|Any CPU.ActiveCfg = Release|Any CPU
		{91D13E33-16C4-4563-B4F6-5CB0F67B4975}.Release|Any CPU.Build.0 = Release|Any CPU
		{5EB7C777-F646-473A-B9ED-5472ACDAB110}.Debug|Any CPU.ActiveCfg = Debug|Any CPU
		{5EB7C777-F646-473A-B9ED-5472ACDAB110}.Debug|Any CPU.Build.0 = Debug|Any CPU
		{5EB7C777-F646-473A-B9ED-5472ACDAB110}.Release|Any CPU.ActiveCfg = Release|Any CPU
		{5EB7C777-F646-473A-B9ED-5472ACDAB110}.Release|Any CPU.Build.0 = Release|Any CPU
	EndGlobalSection
	GlobalSection(SolutionProperties) = preSolution
		HideSolutionNode = FALSE
	EndGlobalSection
	GlobalSection(ExtensibilityGlobals) = postSolution
		SolutionGuid = {794856C7-C560-4449-BA4A-A63FA1C6574A}
	EndGlobalSection
EndGlobal
